// !$*UTF8*$!
{
	archiveVersion = 1;
	classes = {
	};
	objectVersion = 46;
	objects = {

/* Begin PBXBuildFile section */
		C03A70A61AC9D4E9002ECF15 /* AppDelegate.swift in Sources */ = {isa = PBXBuildFile; fileRef = C03A70A51AC9D4E9002ECF15 /* AppDelegate.swift */; };
		C03A70A81AC9D4E9002ECF15 /* ViewController.swift in Sources */ = {isa = PBXBuildFile; fileRef = C03A70A71AC9D4E9002ECF15 /* ViewController.swift */; };
		C03A70AB1AC9D4E9002ECF15 /* Main.storyboard in Resources */ = {isa = PBXBuildFile; fileRef = C03A70A91AC9D4E9002ECF15 /* Main.storyboard */; };
		C03A70AD1AC9D4E9002ECF15 /* Images.xcassets in Resources */ = {isa = PBXBuildFile; fileRef = C03A70AC1AC9D4E9002ECF15 /* Images.xcassets */; };
		C03A70B01AC9D4E9002ECF15 /* LaunchScreen.xib in Resources */ = {isa = PBXBuildFile; fileRef = C03A70AE1AC9D4E9002ECF15 /* LaunchScreen.xib */; };
		C03A70BC1AC9D4E9002ECF15 /* BouncerTests.swift in Sources */ = {isa = PBXBuildFile; fileRef = C03A70BB1AC9D4E9002ECF15 /* BouncerTests.swift */; };
/* End PBXBuildFile section */

/* Begin PBXContainerItemProxy section */
		C03A70B61AC9D4E9002ECF15 /* PBXContainerItemProxy */ = {
			isa = PBXContainerItemProxy;
			containerPortal = C03A70981AC9D4E9002ECF15 /* Project object */;
			proxyType = 1;
			remoteGlobalIDString = C03A709F1AC9D4E9002ECF15;
			remoteInfo = Bouncer;
		};
/* End PBXContainerItemProxy section */

/* Begin PBXFileReference section */
		C03A70A01AC9D4E9002ECF15 /* Bouncer.app */ = {isa = PBXFileReference; explicitFileType = wrapper.application; includeInIndex = 0; path = Bouncer.app; sourceTree = BUILT_PRODUCTS_DIR; };
		C03A70A41AC9D4E9002ECF15 /* Info.plist */ = {isa = PBXFileReference; lastKnownFileType = text.plist.xml; path = Info.plist; sourceTree = "<group>"; };
		C03A70A51AC9D4E9002ECF15 /* AppDelegate.swift */ = {isa = PBXFileReference; lastKnownFileType = sourcecode.swift; path = AppDelegate.swift; sourceTree = "<group>"; };
		C03A70A71AC9D4E9002ECF15 /* ViewController.swift */ = {isa = PBXFileReference; lastKnownFileType = sourcecode.swift; path = ViewController.swift; sourceTree = "<group>"; };
		C03A70AA1AC9D4E9002ECF15 /* Base */ = {isa = PBXFileReference; lastKnownFileType = file.storyboard; name = Base; path = Base.lproj/Main.storyboard; sourceTree = "<group>"; };
		C03A70AC1AC9D4E9002ECF15 /* Images.xcassets */ = {isa = PBXFileReference; lastKnownFileType = folder.assetcatalog; path = Images.xcassets; sourceTree = "<group>"; };
		C03A70AF1AC9D4E9002ECF15 /* Base */ = {isa = PBXFileReference; lastKnownFileType = file.xib; name = Base; path = Base.lproj/LaunchScreen.xib; sourceTree = "<group>"; };
		C03A70B51AC9D4E9002ECF15 /* BouncerTests.xctest */ = {isa = PBXFileReference; explicitFileType = wrapper.cfbundle; includeInIndex = 0; path = BouncerTests.xctest; sourceTree = BUILT_PRODUCTS_DIR; };
		C03A70BA1AC9D4E9002ECF15 /* Info.plist */ = {isa = PBXFileReference; lastKnownFileType = text.plist.xml; path = Info.plist; sourceTree = "<group>"; };
		C03A70BB1AC9D4E9002ECF15 /* BouncerTests.swift */ = {isa = PBXFileReference; lastKnownFileType = sourcecode.swift; path = BouncerTests.swift; sourceTree = "<group>"; };
/* End PBXFileReference section */

/* Begin PBXFrameworksBuildPhase section */
		C03A709D1AC9D4E9002ECF15 /* Frameworks */ = {
			isa = PBXFrameworksBuildPhase;
			buildActionMask = 2147483647;
			files = (
			);
			runOnlyForDeploymentPostprocessing = 0;
		};
		C03A70B21AC9D4E9002ECF15 /* Frameworks */ = {
			isa = PBXFrameworksBuildPhase;
			buildActionMask = 2147483647;
			files = (
			);
			runOnlyForDeploymentPostprocessing = 0;
		};
/* End PBXFrameworksBuildPhase section */

/* Begin PBXGroup section */
		C03A70971AC9D4E9002ECF15 = {
			isa = PBXGroup;
			children = (
				C03A70A21AC9D4E9002ECF15 /* Bouncer */,
				C03A70B81AC9D4E9002ECF15 /* BouncerTests */,
				C03A70A11AC9D4E9002ECF15 /* Products */,
			);
			sourceTree = "<group>";
		};
		C03A70A11AC9D4E9002ECF15 /* Products */ = {
			isa = PBXGroup;
			children = (
				C03A70A01AC9D4E9002ECF15 /* Bouncer.app */,
				C03A70B51AC9D4E9002ECF15 /* BouncerTests.xctest */,
			);
			name = Products;
			sourceTree = "<group>";
		};
		C03A70A21AC9D4E9002ECF15 /* Bouncer */ = {
			isa = PBXGroup;
			children = (
				C03A70A51AC9D4E9002ECF15 /* AppDelegate.swift */,
				C03A70A71AC9D4E9002ECF15 /* ViewController.swift */,
				C03A70A91AC9D4E9002ECF15 /* Main.storyboard */,
				C03A70AC1AC9D4E9002ECF15 /* Images.xcassets */,
				C03A70AE1AC9D4E9002ECF15 /* LaunchScreen.xib */,
				C03A70A31AC9D4E9002ECF15 /* Supporting Files */,
			);
			path = Bouncer;
			sourceTree = "<group>";
		};
		C03A70A31AC9D4E9002ECF15 /* Supporting Files */ = {
			isa = PBXGroup;
			children = (
				C03A70A41AC9D4E9002ECF15 /* Info.plist */,
			);
			name = "Supporting Files";
			sourceTree = "<group>";
		};
		C03A70B81AC9D4E9002ECF15 /* BouncerTests */ = {
			isa = PBXGroup;
			children = (
				C03A70BB1AC9D4E9002ECF15 /* BouncerTests.swift */,
				C03A70B91AC9D4E9002ECF15 /* Supporting Files */,
			);
			path = BouncerTests;
			sourceTree = "<group>";
		};
		C03A70B91AC9D4E9002ECF15 /* Supporting Files */ = {
			isa = PBXGroup;
			children = (
				C03A70BA1AC9D4E9002ECF15 /* Info.plist */,
			);
			name = "Supporting Files";
			sourceTree = "<group>";
		};
/* End PBXGroup section */

/* Begin PBXNativeTarget section */
		C03A709F1AC9D4E9002ECF15 /* Bouncer */ = {
			isa = PBXNativeTarget;
			buildConfigurationList = C03A70BF1AC9D4E9002ECF15 /* Build configuration list for PBXNativeTarget "Bouncer" */;
			buildPhases = (
				C03A709C1AC9D4E9002ECF15 /* Sources */,
				C03A709D1AC9D4E9002ECF15 /* Frameworks */,
				C03A709E1AC9D4E9002ECF15 /* Resources */,
			);
			buildRules = (
			);
			dependencies = (
			);
			name = Bouncer;
			productName = Bouncer;
			productReference = C03A70A01AC9D4E9002ECF15 /* Bouncer.app */;
			productType = "com.apple.product-type.application";
		};
		C03A70B41AC9D4E9002ECF15 /* BouncerTests */ = {
			isa = PBXNativeTarget;
			buildConfigurationList = C03A70C21AC9D4E9002ECF15 /* Build configuration list for PBXNativeTarget "BouncerTests" */;
			buildPhases = (
				C03A70B11AC9D4E9002ECF15 /* Sources */,
				C03A70B21AC9D4E9002ECF15 /* Frameworks */,
				C03A70B31AC9D4E9002ECF15 /* Resources */,
			);
			buildRules = (
			);
			dependencies = (
				C03A70B71AC9D4E9002ECF15 /* PBXTargetDependency */,
			);
			name = BouncerTests;
			productName = BouncerTests;
			productReference = C03A70B51AC9D4E9002ECF15 /* BouncerTests.xctest */;
			productType = "com.apple.product-type.bundle.unit-test";
		};
/* End PBXNativeTarget section */

/* Begin PBXProject section */
		C03A70981AC9D4E9002ECF15 /* Project object */ = {
			isa = PBXProject;
			attributes = {
				LastUpgradeCheck = 0620;
				ORGANIZATIONNAME = kkate;
				TargetAttributes = {
					C03A709F1AC9D4E9002ECF15 = {
						CreatedOnToolsVersion = 6.2;
					};
					C03A70B41AC9D4E9002ECF15 = {
						CreatedOnToolsVersion = 6.2;
						TestTargetID = C03A709F1AC9D4E9002ECF15;
					};
				};
			};
			buildConfigurationList = C03A709B1AC9D4E9002ECF15 /* Build configuration list for PBXProject "Bouncer" */;
			compatibilityVersion = "Xcode 3.2";
			developmentRegion = English;
			hasScannedForEncodings = 0;
			knownRegions = (
				en,
				Base,
			);
			mainGroup = C03A70971AC9D4E9002ECF15;
			productRefGroup = C03A70A11AC9D4E9002ECF15 /* Products */;
			projectDirPath = "";
			projectRoot = "";
			targets = (
				C03A709F1AC9D4E9002ECF15 /* Bouncer */,
				C03A70B41AC9D4E9002ECF15 /* BouncerTests */,
			);
		};
/* End PBXProject section */

/* Begin PBXResourcesBuildPhase section */
		C03A709E1AC9D4E9002ECF15 /* Resources */ = {
			isa = PBXResourcesBuildPhase;
			buildActionMask = 2147483647;
			files = (
				C03A70AB1AC9D4E9002ECF15 /* Main.storyboard in Resources */,
				C03A70B01AC9D4E9002ECF15 /* LaunchScreen.xib in Resources */,
				C03A70AD1AC9D4E9002ECF15 /* Images.xcassets in Resources */,
			);
			runOnlyForDeploymentPostprocessing = 0;
		};
		C03A70B31AC9D4E9002ECF15 /* Resources */ = {
			isa = PBXResourcesBuildPhase;
			buildActionMask = 2147483647;
			files = (
			);
			runOnlyForDeploymentPostprocessing = 0;
		};
/* End PBXResourcesBuildPhase section */

/* Begin PBXSourcesBuildPhase section */
		C03A709C1AC9D4E9002ECF15 /* Sources */ = {
			isa = PBXSourcesBuildPhase;
			buildActionMask = 2147483647;
			files = (
				C03A70A81AC9D4E9002ECF15 /* ViewController.swift in Sources */,
				C03A70A61AC9D4E9002ECF15 /* AppDelegate.swift in Sources */,
			);
			runOnlyForDeploymentPostprocessing = 0;
		};
		C03A70B11AC9D4E9002ECF15 /* Sources */ = {
			isa = PBXSourcesBuildPhase;
			buildActionMask = 2147483647;
			files = (
				C03A70BC1AC9D4E9002ECF15 /* BouncerTests.swift in Sources */,
			);
			runOnlyForDeploymentPostprocessing = 0;
		};
/* End PBXSourcesBuildPhase section */

/* Begin PBXTargetDependency section */
		C03A70B71AC9D4E9002ECF15 /* PBXTargetDependency */ = {
			isa = PBXTargetDependency;
			target = C03A709F1AC9D4E9002ECF15 /* Bouncer */;
			targetProxy = C03A70B61AC9D4E9002ECF15 /* PBXContainerItemProxy */;
		};
/* End PBXTargetDependency section */

/* Begin PBXVariantGroup section */
		C03A70A91AC9D4E9002ECF15 /* Main.storyboard */ = {
			isa = PBXVariantGroup;
			children = (
				C03A70AA1AC9D4E9002ECF15 /* Base */,
			);
			name = Main.storyboard;
			sourceTree = "<group>";
		};
		C03A70AE1AC9D4E9002ECF15 /* LaunchScreen.xib */ = {
			isa = PBXVariantGroup;
			children = (
				C03A70AF1AC9D4E9002ECF15 /* Base */,
			);
			name = LaunchScreen.xib;
			sourceTree = "<group>";
		};
/* End PBXVariantGroup section */

/* Begin XCBuildConfiguration section */
		C03A70BD1AC9D4E9002ECF15 /* Debug */ = {
			isa = XCBuildConfiguration;
			buildSettings = {
				ALWAYS_SEARCH_USER_PATHS = NO;
				CLANG_CXX_LANGUAGE_STANDARD = "gnu++0x";
				CLANG_CXX_LIBRARY = "libc++";
				CLANG_ENABLE_MODULES = YES;
				CLANG_ENABLE_OBJC_ARC = YES;
				CLANG_WARN_BOOL_CONVERSION = YES;
				CLANG_WARN_CONSTANT_CONVERSION = YES;
				CLANG_WARN_DIRECT_OBJC_ISA_USAGE = YES_ERROR;
				CLANG_WARN_EMPTY_BODY = YES;
				CLANG_WARN_ENUM_CONVERSION = YES;
				CLANG_WARN_INT_CONVERSION = YES;
				CLANG_WARN_OBJC_ROOT_CLASS = YES_ERROR;
				CLANG_WARN_UNREACHABLE_CODE = YES;
				CLANG_WARN__DUPLICATE_METHOD_MATCH = YES;
				"CODE_SIGN_IDENTITY[sdk=iphoneos*]" = "iPhone Developer";
				COPY_PHASE_STRIP = NO;
				ENABLE_STRICT_OBJC_MSGSEND = YES;
				GCC_C_LANGUAGE_STANDARD = gnu99;
				GCC_DYNAMIC_NO_PIC = NO;
				GCC_OPTIMIZATION_LEVEL = 0;
				GCC_PREPROCESSOR_DEFINITIONS = (
					"DEBUG=1",
					"$(inherited)",
				);
				GCC_SYMBOLS_PRIVATE_EXTERN = NO;
				GCC_WARN_64_TO_32_BIT_CONVERSION = YES;
				GCC_WARN_ABOUT_RETURN_TYPE = YES_ERROR;
				GCC_WARN_UNDECLARED_SELECTOR = YES;
				GCC_WARN_UNINITIALIZED_AUTOS = YES_AGGRESSIVE;
				GCC_WARN_UNUSED_FUNCTION = YES;
				GCC_WARN_UNUSED_VARIABLE = YES;
				IPHONEOS_DEPLOYMENT_TARGET = 8.2;
				MTL_ENABLE_DEBUG_INFO = YES;
				ONLY_ACTIVE_ARCH = YES;
				SDKROOT = iphoneos;
				SWIFT_OPTIMIZATION_LEVEL = "-Onone";
				TARGETED_DEVICE_FAMILY = "1,2";
			};
			name = Debug;
		};
		C03A70BE1AC9D4E9002ECF15 /* Release */ = {
			isa = XCBuildConfiguration;
			buildSettings = {
				ALWAYS_SEARCH_USER_PATHS = NO;
				CLANG_CXX_LANGUAGE_STANDARD = "gnu++0x";
				CLANG_CXX_LIBRARY = "libc++";
				CLANG_ENABLE_MODULES = YES;
				CLANG_ENABLE_OBJC_ARC = YES;
				CLANG_WARN_BOOL_CONVERSION = YES;
				CLANG_WARN_CONSTANT_CONVERSION = YES;
				CLANG_WARN_DIRECT_OBJC_ISA_USAGE = YES_ERROR;
				CLANG_WARN_EMPTY_BODY = YES;
				CLANG_WARN_ENUM_CONVERSION = YES;
				CLANG_WARN_INT_CONVERSION = YES;
				CLANG_WARN_OBJC_ROOT_CLASS = YES_ERROR;
				CLANG_WARN_UNREACHABLE_CODE = YES;
				CLANG_WARN__DUPLICATE_METHOD_MATCH = YES;
				"CODE_SIGN_IDENTITY[sdk=iphoneos*]" = "iPhone Developer";
				COPY_PHASE_STRIP = NO;
				ENABLE_NS_ASSERTIONS = NO;
				ENABLE_STRICT_OBJC_MSGSEND = YES;
				GCC_C_LANGUAGE_STANDARD = gnu99;
				GCC_WARN_64_TO_32_BIT_CONVERSION = YES;
				GCC_WARN_ABOUT_RETURN_TYPE = YES_ERROR;
				GCC_WARN_UNDECLARED_SELECTOR = YES;
				GCC_WARN_UNINITIALIZED_AUTOS = YES_AGGRESSIVE;
				GCC_WARN_UNUSED_FUNCTION = YES;
				GCC_WARN_UNUSED_VARIABLE = YES;
				IPHONEOS_DEPLOYMENT_TARGET = 8.2;
				MTL_ENABLE_DEBUG_INFO = NO;
				SDKROOT = iphoneos;
				TARGETED_DEVICE_FAMILY = "1,2";
				VALIDATE_PRODUCT = YES;
			};
			name = Release;
		};
		C03A70C01AC9D4E9002ECF15 /* Debug */ = {
			isa = XCBuildConfiguration;
			buildSettings = {
				ASSETCATALOG_COMPILER_APPICON_NAME = AppIcon;
				INFOPLIST_FILE = Bouncer/Info.plist;
				LD_RUNPATH_SEARCH_PATHS = "$(inherited) @executable_path/Frameworks";
				PRODUCT_NAME = "$(TARGET_NAME)";
			};
			name = Debug;
		};
		C03A70C11AC9D4E9002ECF15 /* Release */ = {
			isa = XCBuildConfiguration;
			buildSettings = {
				ASSETCATALOG_COMPILER_APPICON_NAME = AppIcon;
				INFOPLIST_FILE = Bouncer/Info.plist;
				LD_RUNPATH_SEARCH_PATHS = "$(inherited) @executable_path/Frameworks";
				PRODUCT_NAME = "$(TARGET_NAME)";
			};
			name = Release;
		};
		C03A70C31AC9D4E9002ECF15 /* Debug */ = {
			isa = XCBuildConfiguration;
			buildSettings = {
				BUNDLE_LOADER = "$(TEST_HOST)";
				FRAMEWORK_SEARCH_PATHS = (
					"$(SDKROOT)/Developer/Library/Frameworks",
					"$(inherited)",
				);
				GCC_PREPROCESSOR_DEFINITIONS = (
					"DEBUG=1",
					"$(inherited)",
				);
				INFOPLIST_FILE = BouncerTests/Info.plist;
				LD_RUNPATH_SEARCH_PATHS = "$(inherited) @executable_path/Frameworks @loader_path/Frameworks";
				PRODUCT_NAME = "$(TARGET_NAME)";
				TEST_HOST = "$(BUILT_PRODUCTS_DIR)/Bouncer.app/Bouncer";
			};
			name = Debug;
		};
		C03A70C41AC9D4E9002ECF15 /* Release */ = {
			isa = XCBuildConfiguration;
			buildSettings = {
				BUNDLE_LOADER = "$(TEST_HOST)";
				FRAMEWORK_SEARCH_PATHS = (
					"$(SDKROOT)/Developer/Library/Frameworks",
					"$(inherited)",
				);
				INFOPLIST_FILE = BouncerTests/Info.plist;
				LD_RUNPATH_SEARCH_PATHS = "$(inherited) @executable_path/Frameworks @loader_path/Frameworks";
				PRODUCT_NAME = "$(TARGET_NAME)";
				TEST_HOST = "$(BUILT_PRODUCTS_DIR)/Bouncer.app/Bouncer";
			};
			name = Release;
		};
/* End XCBuildConfiguration section */

/* Begin XCConfigurationList section */
		C03A709B1AC9D4E9002ECF15 /* Build configuration list for PBXProject "Bouncer" */ = {
			isa = XCConfigurationList;
			buildConfigurations = (
				C03A70BD1AC9D4E9002ECF15 /* Debug */,
				C03A70BE1AC9D4E9002ECF15 /* Release */,
			);
			defaultConfigurationIsVisible = 0;
			defaultConfigurationName = Release;
		};
		C03A70BF1AC9D4E9002ECF15 /* Build configuration list for PBXNativeTarget "Bouncer" */ = {
			isa = XCConfigurationList;
			buildConfigurations = (
				C03A70C01AC9D4E9002ECF15 /* Debug */,
				C03A70C11AC9D4E9002ECF15 /* Release */,
			);
			defaultConfigurationIsVisible = 0;
		};
		C03A70C21AC9D4E9002ECF15 /* Build configuration list for PBXNativeTarget "BouncerTests" */ = {
			isa = XCConfigurationList;
			buildConfigurations = (
				C03A70C31AC9D4E9002ECF15 /* Debug */,
				C03A70C41AC9D4E9002ECF15 /* Release */,
			);
			defaultConfigurationIsVisible = 0;
		};
/* End XCConfigurationList section */
	};
	rootObject = C03A70981AC9D4E9002ECF15 /* Project object */;
}
